
Microsoft Visual Studio Solution File, Format Version 12.00
# Visual Studio Version 17
VisualStudioVersion = 17.6.33815.320
MinimumVisualStudioVersion = 10.0.40219.1
Project("{9A19103F-16F7-4668-BE54-9A1E7A4F7556}") = "PayrollLite", "PayrollLite\PayrollLite.csproj", "{ADF1482C-95EB-4871-8A51-BF3DB79CCF97}"
EndProject
Project("{FAE04EC0-301F-11D3-BF4B-00C04F79EFBC}") = "PayrollLite.Domain", "PayrollLite.Domain\PayrollLite.Domain.csproj", "{A07844EB-601C-4338-AFEF-6C6A47838023}"
EndProject
Project("{FAE04EC0-301F-11D3-BF4B-00C04F79EFBC}") = "PayrollLite.Application", "PayrollLite.Application\PayrollLite.Application.csproj", "{D129B9AE-E0B3-4992-8D2F-2EDEB14E12DC}"
EndProject
Project("{FAE04EC0-301F-11D3-BF4B-00C04F79EFBC}") = "PayrollLite.Infrastructure", "PayrollLite.Infrastructure\PayrollLite.Infrastructure.csproj", "{ED2EB582-F10A-4AAE-8799-3F814979470C}"
EndProject
Global
	GlobalSection(SolutionConfigurationPlatforms) = preSolution
		Debug|Any CPU = Debug|Any CPU
		Release|Any CPU = Release|Any CPU
	EndGlobalSection
	GlobalSection(ProjectConfigurationPlatforms) = postSolution
		{ADF1482C-95EB-4871-8A51-BF3DB79CCF97}.Debug|Any CPU.ActiveCfg = Debug|Any CPU
		{ADF1482C-95EB-4871-8A51-BF3DB79CCF97}.Debug|Any CPU.Build.0 = Debug|Any CPU
		{ADF1482C-95EB-4871-8A51-BF3DB79CCF97}.Release|Any CPU.ActiveCfg = Release|Any CPU
		{ADF1482C-95EB-4871-8A51-BF3DB79CCF97}.Release|Any CPU.Build.0 = Release|Any CPU
		{A07844EB-601C-4338-AFEF-6C6A47838023}.Debug|Any CPU.ActiveCfg = Debug|Any CPU
		{A07844EB-601C-4338-AFEF-6C6A47838023}.Debug|Any CPU.Build.0 = Debug|Any CPU
		{A07844EB-601C-4338-AFEF-6C6A47838023}.Release|Any CPU.ActiveCfg = Release|Any CPU
		{A07844EB-601C-4338-AFEF-6C6A47838023}.Release|Any CPU.Build.0 = Release|Any CPU
		{D129B9AE-E0B3-4992-8D2F-2EDEB14E12DC}.Debug|Any CPU.ActiveCfg = Debug|Any CPU
		{D129B9AE-E0B3-4992-8D2F-2EDEB14E12DC}.Debug|Any CPU.Build.0 = Debug|Any CPU
		{D129B9AE-E0B3-4992-8D2F-2EDEB14E12DC}.Release|Any CPU.ActiveCfg = Release|Any CPU
		{D129B9AE-E0B3-4992-8D2F-2EDEB14E12DC}.Release|Any CPU.Build.0 = Release|Any CPU
		{ED2EB582-F10A-4AAE-8799-3F814979470C}.Debug|Any CPU.ActiveCfg = Debug|Any CPU
		{ED2EB582-F10A-4AAE-8799-3F814979470C}.Debug|Any CPU.Build.0 = Debug|Any CPU
		{ED2EB582-F10A-4AAE-8799-3F814979470C}.Release|Any CPU.ActiveCfg = Release|Any CPU
		{ED2EB582-F10A-4AAE-8799-3F814979470C}.Release|Any CPU.Build.0 = Release|Any CPU
	EndGlobalSection
	GlobalSection(SolutionProperties) = preSolution
		HideSolutionNode = FALSE
	EndGlobalSection
	GlobalSection(ExtensibilityGlobals) = postSolution
		SolutionGuid = {BF8EA8DA-B17A-46A2-AC7E-2BC934566BB8}
	EndGlobalSection
EndGlobal
